
Microsoft Visual Studio Solution File, Format Version 12.00
# Visual Studio Version 17
VisualStudioVersion = 17.4.33213.308
MinimumVisualStudioVersion = 10.0.40219.1
Project("{9A19103F-16F7-4668-BE54-9A1E7A4F7556}") = "DnsUpdater", "DnsUpdater\DnsUpdater.csproj", "{ABA01FED-F51E-4A67-865B-D7998D587828}"
EndProject
Global
	GlobalSection(SolutionConfigurationPlatforms) = preSolution
		Debug|Any CPU = Debug|Any CPU
		Release|Any CPU = Release|Any CPU
	EndGlobalSection
	GlobalSection(ProjectConfigurationPlatforms) = postSolution
		{ABA01FED-F51E-4A67-865B-D7998D587828}.Debug|Any CPU.ActiveCfg = Debug|Any CPU
		{ABA01FED-F51E-4A67-865B-D7998D587828}.Debug|Any CPU.Build.0 = Debug|Any CPU
		{ABA01FED-F51E-4A67-865B-D7998D587828}.Release|Any CPU.ActiveCfg = Release|Any CPU
		{ABA01FED-F51E-4A67-865B-D7998D587828}.Release|Any CPU.Build.0 = Release|Any CPU
	EndGlobalSection
	GlobalSection(SolutionProperties) = preSolution
		HideSolutionNode = FALSE
	EndGlobalSection
	GlobalSection(ExtensibilityGlobals) = postSolution
		SolutionGuid = {4A92AECD-2898-44B7-87C4-05077F155EE6}
	EndGlobalSection
EndGlobal
